// !$*UTF8*$!
{
	archiveVersion = 1;
	classes = {
	};
	objectVersion = 50;
	objects = {

/* Begin PBXBuildFile section */
		D73B89E721A5A7A100641894 /* AppDelegate.swift in Sources */ = {isa = PBXBuildFile; fileRef = D73B89E621A5A7A100641894 /* AppDelegate.swift */; };
		D73B89E921A5A7A100641894 /* ViewController.swift in Sources */ = {isa = PBXBuildFile; fileRef = D73B89E821A5A7A100641894 /* ViewController.swift */; };
		D73B89EC21A5A7A100641894 /* Main.storyboard in Resources */ = {isa = PBXBuildFile; fileRef = D73B89EA21A5A7A100641894 /* Main.storyboard */; };
		D73B89EE21A5A7A500641894 /* Assets.xcassets in Resources */ = {isa = PBXBuildFile; fileRef = D73B89ED21A5A7A500641894 /* Assets.xcassets */; };
		D73B89F121A5A7A500641894 /* LaunchScreen.storyboard in Resources */ = {isa = PBXBuildFile; fileRef = D73B89EF21A5A7A500641894 /* LaunchScreen.storyboard */; };
		D73B89FC21A5A7A500641894 /* MoneyBackTests.swift in Sources */ = {isa = PBXBuildFile; fileRef = D73B89FB21A5A7A500641894 /* MoneyBackTests.swift */; };
/* End PBXBuildFile section */

/* Begin PBXContainerItemProxy section */
		D73B89F821A5A7A500641894 /* PBXContainerItemProxy */ = {
			isa = PBXContainerItemProxy;
			containerPortal = D73B89DB21A5A7A100641894 /* Project object */;
			proxyType = 1;
			remoteGlobalIDString = D73B89E221A5A7A100641894;
			remoteInfo = MoneyBack;
		};
/* End PBXContainerItemProxy section */

/* Begin PBXFileReference section */
		D73B89E321A5A7A100641894 /* MoneyBack.app */ = {isa = PBXFileReference; explicitFileType = wrapper.application; includeInIndex = 0; path = MoneyBack.app; sourceTree = BUILT_PRODUCTS_DIR; };
		D73B89E621A5A7A100641894 /* AppDelegate.swift */ = {isa = PBXFileReference; lastKnownFileType = sourcecode.swift; path = AppDelegate.swift; sourceTree = "<group>"; };
		D73B89E821A5A7A100641894 /* ViewController.swift */ = {isa = PBXFileReference; lastKnownFileType = sourcecode.swift; path = ViewController.swift; sourceTree = "<group>"; };
		D73B89EB21A5A7A100641894 /* Base */ = {isa = PBXFileReference; lastKnownFileType = file.storyboard; name = Base; path = Base.lproj/Main.storyboard; sourceTree = "<group>"; };
		D73B89ED21A5A7A500641894 /* Assets.xcassets */ = {isa = PBXFileReference; lastKnownFileType = folder.assetcatalog; path = Assets.xcassets; sourceTree = "<group>"; };
		D73B89F021A5A7A500641894 /* Base */ = {isa = PBXFileReference; lastKnownFileType = file.storyboard; name = Base; path = Base.lproj/LaunchScreen.storyboard; sourceTree = "<group>"; };
		D73B89F221A5A7A500641894 /* Info.plist */ = {isa = PBXFileReference; lastKnownFileType = text.plist.xml; path = Info.plist; sourceTree = "<group>"; };
		D73B89F721A5A7A500641894 /* MoneyBackTests.xctest */ = {isa = PBXFileReference; explicitFileType = wrapper.cfbundle; includeInIndex = 0; path = MoneyBackTests.xctest; sourceTree = BUILT_PRODUCTS_DIR; };
		D73B89FB21A5A7A500641894 /* MoneyBackTests.swift */ = {isa = PBXFileReference; lastKnownFileType = sourcecode.swift; path = MoneyBackTests.swift; sourceTree = "<group>"; };
		D73B89FD21A5A7A500641894 /* Info.plist */ = {isa = PBXFileReference; lastKnownFileType = text.plist.xml; path = Info.plist; sourceTree = "<group>"; };
/* End PBXFileReference section */

/* Begin PBXFrameworksBuildPhase section */
		D73B89E021A5A7A100641894 /* Frameworks */ = {
			isa = PBXFrameworksBuildPhase;
			buildActionMask = 2147483647;
			files = (
			);
			runOnlyForDeploymentPostprocessing = 0;
		};
		D73B89F421A5A7A500641894 /* Frameworks */ = {
			isa = PBXFrameworksBuildPhase;
			buildActionMask = 2147483647;
			files = (
			);
			runOnlyForDeploymentPostprocessing = 0;
		};
/* End PBXFrameworksBuildPhase section */

/* Begin PBXGroup section */
		D73B89DA21A5A7A100641894 = {
			isa = PBXGroup;
			children = (
				D73B89E521A5A7A100641894 /* MoneyBack */,
				D73B89FA21A5A7A500641894 /* MoneyBackTests */,
				D73B89E421A5A7A100641894 /* Products */,
			);
			sourceTree = "<group>";
		};
		D73B89E421A5A7A100641894 /* Products */ = {
			isa = PBXGroup;
			children = (
				D73B89E321A5A7A100641894 /* MoneyBack.app */,
				D73B89F721A5A7A500641894 /* MoneyBackTests.xctest */,
			);
			name = Products;
			sourceTree = "<group>";
		};
		D73B89E521A5A7A100641894 /* MoneyBack */ = {
			isa = PBXGroup;
			children = (
				D73B89E621A5A7A100641894 /* AppDelegate.swift */,
				D73B89E821A5A7A100641894 /* ViewController.swift */,
				D73B89EA21A5A7A100641894 /* Main.storyboard */,
				D73B89ED21A5A7A500641894 /* Assets.xcassets */,
				D73B89EF21A5A7A500641894 /* LaunchScreen.storyboard */,
				D73B89F221A5A7A500641894 /* Info.plist */,
			);
			path = MoneyBack;
			sourceTree = "<group>";
		};
		D73B89FA21A5A7A500641894 /* MoneyBackTests */ = {
			isa = PBXGroup;
			children = (
				D73B89FB21A5A7A500641894 /* MoneyBackTests.swift */,
				D73B89FD21A5A7A500641894 /* Info.plist */,
			);
			path = MoneyBackTests;
			sourceTree = "<group>";
		};
/* End PBXGroup section */

/* Begin PBXNativeTarget section */
		D73B89E221A5A7A100641894 /* MoneyBack */ = {
			isa = PBXNativeTarget;
			buildConfigurationList = D73B8A0021A5A7A500641894 /* Build configuration list for PBXNativeTarget "MoneyBack" */;
			buildPhases = (
				D73B89DF21A5A7A100641894 /* Sources */,
				D73B89E021A5A7A100641894 /* Frameworks */,
				D73B89E121A5A7A100641894 /* Resources */,
			);
			buildRules = (
			);
			dependencies = (
			);
			name = MoneyBack;
			productName = MoneyBack;
			productReference = D73B89E321A5A7A100641894 /* MoneyBack.app */;
			productType = "com.apple.product-type.application";
		};
		D73B89F621A5A7A500641894 /* MoneyBackTests */ = {
			isa = PBXNativeTarget;
			buildConfigurationList = D73B8A0321A5A7A500641894 /* Build configuration list for PBXNativeTarget "MoneyBackTests" */;
			buildPhases = (
				D73B89F321A5A7A500641894 /* Sources */,
				D73B89F421A5A7A500641894 /* Frameworks */,
				D73B89F521A5A7A500641894 /* Resources */,
			);
			buildRules = (
			);
			dependencies = (
				D73B89F921A5A7A500641894 /* PBXTargetDependency */,
			);
			name = MoneyBackTests;
			productName = MoneyBackTests;
			productReference = D73B89F721A5A7A500641894 /* MoneyBackTests.xctest */;
			productType = "com.apple.product-type.bundle.unit-test";
		};
/* End PBXNativeTarget section */

/* Begin PBXProject section */
		D73B89DB21A5A7A100641894 /* Project object */ = {
			isa = PBXProject;
			attributes = {
				LastSwiftUpdateCheck = 1010;
				LastUpgradeCheck = 1010;
				ORGANIZATIONNAME = "Alexandre Vescera";
				TargetAttributes = {
					D73B89E221A5A7A100641894 = {
						CreatedOnToolsVersion = 10.1;
					};
					D73B89F621A5A7A500641894 = {
						CreatedOnToolsVersion = 10.1;
						TestTargetID = D73B89E221A5A7A100641894;
					};
				};
			};
			buildConfigurationList = D73B89DE21A5A7A100641894 /* Build configuration list for PBXProject "MoneyBack" */;
			compatibilityVersion = "Xcode 9.3";
			developmentRegion = en;
			hasScannedForEncodings = 0;
			knownRegions = (
				en,
				Base,
			);
			mainGroup = D73B89DA21A5A7A100641894;
			productRefGroup = D73B89E421A5A7A100641894 /* Products */;
			projectDirPath = "";
			projectRoot = "";
			targets = (
				D73B89E221A5A7A100641894 /* MoneyBack */,
				D73B89F621A5A7A500641894 /* MoneyBackTests */,
			);
		};
/* End PBXProject section */

/* Begin PBXResourcesBuildPhase section */
		D73B89E121A5A7A100641894 /* Resources */ = {
			isa = PBXResourcesBuildPhase;
			buildActionMask = 2147483647;
			files = (
				D73B89F121A5A7A500641894 /* LaunchScreen.storyboard in Resources */,
				D73B89EE21A5A7A500641894 /* Assets.xcassets in Resources */,
				D73B89EC21A5A7A100641894 /* Main.storyboard in Resources */,
			);
			runOnlyForDeploymentPostprocessing = 0;
		};
		D73B89F521A5A7A500641894 /* Resources */ = {
			isa = PBXResourcesBuildPhase;
			buildActionMask = 2147483647;
			files = (
			);
			runOnlyForDeploymentPostprocessing = 0;
		};
/* End PBXResourcesBuildPhase section */

/* Begin PBXSourcesBuildPhase section */
		D73B89DF21A5A7A100641894 /* Sources */ = {
			isa = PBXSourcesBuildPhase;
			buildActionMask = 2147483647;
			files = (
				D73B89E921A5A7A100641894 /* ViewController.swift in Sources */,
				D73B89E721A5A7A100641894 /* AppDelegate.swift in Sources */,
			);
			runOnlyForDeploymentPostprocessing = 0;
		};
		D73B89F321A5A7A500641894 /* Sources */ = {
			isa = PBXSourcesBuildPhase;
			buildActionMask = 2147483647;
			files = (
				D73B89FC21A5A7A500641894 /* MoneyBackTests.swift in Sources */,
			);
			runOnlyForDeploymentPostprocessing = 0;
		};
/* End PBXSourcesBuildPhase section */

/* Begin PBXTargetDependency section */
		D73B89F921A5A7A500641894 /* PBXTargetDependency */ = {
			isa = PBXTargetDependency;
			target = D73B89E221A5A7A100641894 /* MoneyBack */;
			targetProxy = D73B89F821A5A7A500641894 /* PBXContainerItemProxy */;
		};
/* End PBXTargetDependency section */

/* Begin PBXVariantGroup section */
		D73B89EA21A5A7A100641894 /* Main.storyboard */ = {
			isa = PBXVariantGroup;
			children = (
				D73B89EB21A5A7A100641894 /* Base */,
			);
			name = Main.storyboard;
			sourceTree = "<group>";
		};
		D73B89EF21A5A7A500641894 /* LaunchScreen.storyboard */ = {
			isa = PBXVariantGroup;
			children = (
				D73B89F021A5A7A500641894 /* Base */,
			);
			name = LaunchScreen.storyboard;
			sourceTree = "<group>";
		};
/* End PBXVariantGroup section */

/* Begin XCBuildConfiguration section */
		D73B89FE21A5A7A500641894 /* Debug */ = {
			isa = XCBuildConfiguration;
			buildSettings = {
				ALWAYS_SEARCH_USER_PATHS = NO;
				CLANG_ANALYZER_NONNULL = YES;
				CLANG_ANALYZER_NUMBER_OBJECT_CONVERSION = YES_AGGRESSIVE;
				CLANG_CXX_LANGUAGE_STANDARD = "gnu++14";
				CLANG_CXX_LIBRARY = "libc++";
				CLANG_ENABLE_MODULES = YES;
				CLANG_ENABLE_OBJC_ARC = YES;
				CLANG_ENABLE_OBJC_WEAK = YES;
				CLANG_WARN_BLOCK_CAPTURE_AUTORELEASING = YES;
				CLANG_WARN_BOOL_CONVERSION = YES;
				CLANG_WARN_COMMA = YES;
				CLANG_WARN_CONSTANT_CONVERSION = YES;
				CLANG_WARN_DEPRECATED_OBJC_IMPLEMENTATIONS = YES;
				CLANG_WARN_DIRECT_OBJC_ISA_USAGE = YES_ERROR;
				CLANG_WARN_DOCUMENTATION_COMMENTS = YES;
				CLANG_WARN_EMPTY_BODY = YES;
				CLANG_WARN_ENUM_CONVERSION = YES;
				CLANG_WARN_INFINITE_RECURSION = YES;
				CLANG_WARN_INT_CONVERSION = YES;
				CLANG_WARN_NON_LITERAL_NULL_CONVERSION = YES;
				CLANG_WARN_OBJC_IMPLICIT_RETAIN_SELF = YES;
				CLANG_WARN_OBJC_LITERAL_CONVERSION = YES;
				CLANG_WARN_OBJC_ROOT_CLASS = YES_ERROR;
				CLANG_WARN_RANGE_LOOP_ANALYSIS = YES;
				CLANG_WARN_STRICT_PROTOTYPES = YES;
				CLANG_WARN_SUSPICIOUS_MOVE = YES;
				CLANG_WARN_UNGUARDED_AVAILABILITY = YES_AGGRESSIVE;
				CLANG_WARN_UNREACHABLE_CODE = YES;
				CLANG_WARN__DUPLICATE_METHOD_MATCH = YES;
				CODE_SIGN_IDENTITY = "iPhone Developer";
				COPY_PHASE_STRIP = NO;
				DEBUG_INFORMATION_FORMAT = dwarf;
				ENABLE_STRICT_OBJC_MSGSEND = YES;
				ENABLE_TESTABILITY = YES;
				GCC_C_LANGUAGE_STANDARD = gnu11;
				GCC_DYNAMIC_NO_PIC = NO;
				GCC_NO_COMMON_BLOCKS = YES;
				GCC_OPTIMIZATION_LEVEL = 0;
				GCC_PREPROCESSOR_DEFINITIONS = (
					"DEBUG=1",
					"$(inherited)",
				);
				GCC_WARN_64_TO_32_BIT_CONVERSION = YES;
				GCC_WARN_ABOUT_RETURN_TYPE = YES_ERROR;
				GCC_WARN_UNDECLARED_SELECTOR = YES;
				GCC_WARN_UNINITIALIZED_AUTOS = YES_AGGRESSIVE;
				GCC_WARN_UNUSED_FUNCTION = YES;
				GCC_WARN_UNUSED_VARIABLE = YES;
				IPHONEOS_DEPLOYMENT_TARGET = 12.1;
				MTL_ENABLE_DEBUG_INFO = INCLUDE_SOURCE;
				MTL_FAST_MATH = YES;
				ONLY_ACTIVE_ARCH = YES;
				SDKROOT = iphoneos;
				SWIFT_ACTIVE_COMPILATION_CONDITIONS = DEBUG;
				SWIFT_OPTIMIZATION_LEVEL = "-Onone";
			};
			name = Debug;
		};
		D73B89FF21A5A7A500641894 /* Release */ = {
			isa = XCBuildConfiguration;
			buildSettings = {
				ALWAYS_SEARCH_USER_PATHS = NO;
				CLANG_ANALYZER_NONNULL = YES;
				CLANG_ANALYZER_NUMBER_OBJECT_CONVERSION = YES_AGGRESSIVE;
				CLANG_CXX_LANGUAGE_STANDARD = "gnu++14";
				CLANG_CXX_LIBRARY = "libc++";
				CLANG_ENABLE_MODULES = YES;
				CLANG_ENABLE_OBJC_ARC = YES;
				CLANG_ENABLE_OBJC_WEAK = YES;
				CLANG_WARN_BLOCK_CAPTURE_AUTORELEASING = YES;
				CLANG_WARN_BOOL_CONVERSION = YES;
				CLANG_WARN_COMMA = YES;
				CLANG_WARN_CONSTANT_CONVERSION = YES;
				CLANG_WARN_DEPRECATED_OBJC_IMPLEMENTATIONS = YES;
				CLANG_WARN_DIRECT_OBJC_ISA_USAGE = YES_ERROR;
				CLANG_WARN_DOCUMENTATION_COMMENTS = YES;
				CLANG_WARN_EMPTY_BODY = YES;
				CLANG_WARN_ENUM_CONVERSION = YES;
				CLANG_WARN_INFINITE_RECURSION = YES;
				CLANG_WARN_INT_CONVERSION = YES;
				CLANG_WARN_NON_LITERAL_NULL_CONVERSION = YES;
				CLANG_WARN_OBJC_IMPLICIT_RETAIN_SELF = YES;
				CLANG_WARN_OBJC_LITERAL_CONVERSION = YES;
				CLANG_WARN_OBJC_ROOT_CLASS = YES_ERROR;
				CLANG_WARN_RANGE_LOOP_ANALYSIS = YES;
				CLANG_WARN_STRICT_PROTOTYPES = YES;
				CLANG_WARN_SUSPICIOUS_MOVE = YES;
				CLANG_WARN_UNGUARDED_AVAILABILITY = YES_AGGRESSIVE;
				CLANG_WARN_UNREACHABLE_CODE = YES;
				CLANG_WARN__DUPLICATE_METHOD_MATCH = YES;
				CODE_SIGN_IDENTITY = "iPhone Developer";
				COPY_PHASE_STRIP = NO;
				DEBUG_INFORMATION_FORMAT = "dwarf-with-dsym";
				ENABLE_NS_ASSERTIONS = NO;
				ENABLE_STRICT_OBJC_MSGSEND = YES;
				GCC_C_LANGUAGE_STANDARD = gnu11;
				GCC_NO_COMMON_BLOCKS = YES;
				GCC_WARN_64_TO_32_BIT_CONVERSION = YES;
				GCC_WARN_ABOUT_RETURN_TYPE = YES_ERROR;
				GCC_WARN_UNDECLARED_SELECTOR = YES;
				GCC_WARN_UNINITIALIZED_AUTOS = YES_AGGRESSIVE;
				GCC_WARN_UNUSED_FUNCTION = YES;
				GCC_WARN_UNUSED_VARIABLE = YES;
				IPHONEOS_DEPLOYMENT_TARGET = 12.1;
				MTL_ENABLE_DEBUG_INFO = NO;
				MTL_FAST_MATH = YES;
				SDKROOT = iphoneos;
				SWIFT_COMPILATION_MODE = wholemodule;
				SWIFT_OPTIMIZATION_LEVEL = "-O";
				VALIDATE_PRODUCT = YES;
			};
			name = Release;
		};
		D73B8A0121A5A7A500641894 /* Debug */ = {
			isa = XCBuildConfiguration;
			buildSettings = {
				ASSETCATALOG_COMPILER_APPICON_NAME = AppIcon;
				CODE_SIGN_STYLE = Automatic;
				DEVELOPMENT_TEAM = LKK48C8NGY;
				INFOPLIST_FILE = MoneyBack/Info.plist;
				LD_RUNPATH_SEARCH_PATHS = (
					"$(inherited)",
					"@executable_path/Frameworks",
				);
				PRODUCT_BUNDLE_IDENTIFIER = com.example.MoneyBack;
				PRODUCT_NAME = "$(TARGET_NAME)";
				SWIFT_VERSION = 4.2;
				TARGETED_DEVICE_FAMILY = "1,2";
			};
			name = Debug;
		};
		D73B8A0221A5A7A500641894 /* Release */ = {
			isa = XCBuildConfiguration;
			buildSettings = {
				ASSETCATALOG_COMPILER_APPICON_NAME = AppIcon;
				CODE_SIGN_STYLE = Automatic;
				DEVELOPMENT_TEAM = LKK48C8NGY;
				INFOPLIST_FILE = MoneyBack/Info.plist;
				LD_RUNPATH_SEARCH_PATHS = (
					"$(inherited)",
					"@executable_path/Frameworks",
				);
				PRODUCT_BUNDLE_IDENTIFIER = com.example.MoneyBack;
				PRODUCT_NAME = "$(TARGET_NAME)";
				SWIFT_VERSION = 4.2;
				TARGETED_DEVICE_FAMILY = "1,2";
			};
			name = Release;
		};
		D73B8A0421A5A7A500641894 /* Debug */ = {
			isa = XCBuildConfiguration;
			buildSettings = {
				ALWAYS_EMBED_SWIFT_STANDARD_LIBRARIES = YES;
				BUNDLE_LOADER = "$(TEST_HOST)";
				CODE_SIGN_STYLE = Automatic;
				DEVELOPMENT_TEAM = LKK48C8NGY;
				INFOPLIST_FILE = MoneyBackTests/Info.plist;
				LD_RUNPATH_SEARCH_PATHS = (
					"$(inherited)",
					"@executable_path/Frameworks",
					"@loader_path/Frameworks",
				);
				PRODUCT_BUNDLE_IDENTIFIER = com.example.MoneyBackTests;
				PRODUCT_NAME = "$(TARGET_NAME)";
				SWIFT_VERSION = 4.2;
				TARGETED_DEVICE_FAMILY = "1,2";
				TEST_HOST = "$(BUILT_PRODUCTS_DIR)/MoneyBack.app/MoneyBack";
			};
			name = Debug;
		};
		D73B8A0521A5A7A500641894 /* Release */ = {
			isa = XCBuildConfiguration;
			buildSettings = {
				ALWAYS_EMBED_SWIFT_STANDARD_LIBRARIES = YES;
				BUNDLE_LOADER = "$(TEST_HOST)";
				CODE_SIGN_STYLE = Automatic;
				DEVELOPMENT_TEAM = LKK48C8NGY;
				INFOPLIST_FILE = MoneyBackTests/Info.plist;
				LD_RUNPATH_SEARCH_PATHS = (
					"$(inherited)",
					"@executable_path/Frameworks",
					"@loader_path/Frameworks",
				);
				PRODUCT_BUNDLE_IDENTIFIER = com.example.MoneyBackTests;
				PRODUCT_NAME = "$(TARGET_NAME)";
				SWIFT_VERSION = 4.2;
				TARGETED_DEVICE_FAMILY = "1,2";
				TEST_HOST = "$(BUILT_PRODUCTS_DIR)/MoneyBack.app/MoneyBack";
			};
			name = Release;
		};
/* End XCBuildConfiguration section */

/* Begin XCConfigurationList section */
		D73B89DE21A5A7A100641894 /* Build configuration list for PBXProject "MoneyBack" */ = {
			isa = XCConfigurationList;
			buildConfigurations = (
				D73B89FE21A5A7A500641894 /* Debug */,
				D73B89FF21A5A7A500641894 /* Release */,
			);
			defaultConfigurationIsVisible = 0;
			defaultConfigurationName = Release;
		};
		D73B8A0021A5A7A500641894 /* Build configuration list for PBXNativeTarget "MoneyBack" */ = {
			isa = XCConfigurationList;
			buildConfigurations = (
				D73B8A0121A5A7A500641894 /* Debug */,
				D73B8A0221A5A7A500641894 /* Release */,
			);
			defaultConfigurationIsVisible = 0;
			defaultConfigurationName = Release;
		};
		D73B8A0321A5A7A500641894 /* Build configuration list for PBXNativeTarget "MoneyBackTests" */ = {
			isa = XCConfigurationList;
			buildConfigurations = (
				D73B8A0421A5A7A500641894 /* Debug */,
				D73B8A0521A5A7A500641894 /* Release */,
			);
			defaultConfigurationIsVisible = 0;
			defaultConfigurationName = Release;
		};
/* End XCConfigurationList section */
	};
	rootObject = D73B89DB21A5A7A100641894 /* Project object */;
}
